
Microsoft Visual Studio Solution File, Format Version 10.00
# Visual Studio 2008
Project("{8BC9CEB8-8B4A-11D0-8D11-00A0C91BC942}") = "Taquin42", "Taquin42\Taquin42.vcproj", "{ABDBF408-31DC-4993-BF62-625B6AC2208B}"
EndProject
Global
	GlobalSection(SolutionConfigurationPlatforms) = preSolution
		Debug|Win32 = Debug|Win32
		Release|Win32 = Release|Win32
	EndGlobalSection
	GlobalSection(ProjectConfigurationPlatforms) = postSolution
		{ABDBF408-31DC-4993-BF62-625B6AC2208B}.Debug|Win32.ActiveCfg = Debug|Win32
		{ABDBF408-31DC-4993-BF62-625B6AC2208B}.Debug|Win32.Build.0 = Debug|Win32
		{ABDBF408-31DC-4993-BF62-625B6AC2208B}.Release|Win32.ActiveCfg = Release|Win32
		{ABDBF408-31DC-4993-BF62-625B6AC2208B}.Release|Win32.Build.0 = Release|Win32
	EndGlobalSection
	GlobalSection(SolutionProperties) = preSolution
		HideSolutionNode = FALSE
	EndGlobalSection
EndGlobal
